
Microsoft Visual Studio Solution File, Format Version 12.00
# Visual Studio 2015
Project("{FAE04EC0-301F-11D3-BF4B-00C04F79EFBC}") = "KSPModelRocketry.CSharp", "KSPModelRocketry.CSharp.csproj", "{53F48DDF-4872-2132-BB31-6B62811F6F19}"
EndProject
Project("{FAE04EC0-301F-11D3-BF4B-00C04F79EFBC}") = "KSPModelRocketry.CSharp.Editor", "KSPModelRocketry.CSharp.Editor.csproj", "{06E5FD60-0FCF-D028-DD3C-7DDE2F3A7752}"
EndProject
Project("{FAE04EC0-301F-11D3-BF4B-00C04F79EFBC}") = "ModelRocketry", "..\ModelRocketry\ModelRocketry.csproj", "{8A17A98D-9904-4A2E-A43F-DB58F61830D3}"
EndProject
Global
	GlobalSection(SolutionConfigurationPlatforms) = preSolution
		Debug|Any CPU = Debug|Any CPU
		Release|Any CPU = Release|Any CPU
	EndGlobalSection
	GlobalSection(ProjectConfigurationPlatforms) = postSolution
		{53F48DDF-4872-2132-BB31-6B62811F6F19}.Debug|Any CPU.ActiveCfg = Debug|Any CPU
		{53F48DDF-4872-2132-BB31-6B62811F6F19}.Debug|Any CPU.Build.0 = Debug|Any CPU
		{53F48DDF-4872-2132-BB31-6B62811F6F19}.Release|Any CPU.ActiveCfg = Release|Any CPU
		{53F48DDF-4872-2132-BB31-6B62811F6F19}.Release|Any CPU.Build.0 = Release|Any CPU
		{06E5FD60-0FCF-D028-DD3C-7DDE2F3A7752}.Debug|Any CPU.ActiveCfg = Debug|Any CPU
		{06E5FD60-0FCF-D028-DD3C-7DDE2F3A7752}.Debug|Any CPU.Build.0 = Debug|Any CPU
		{06E5FD60-0FCF-D028-DD3C-7DDE2F3A7752}.Release|Any CPU.ActiveCfg = Release|Any CPU
		{06E5FD60-0FCF-D028-DD3C-7DDE2F3A7752}.Release|Any CPU.Build.0 = Release|Any CPU
		{8A17A98D-9904-4A2E-A43F-DB58F61830D3}.Debug|Any CPU.ActiveCfg = Debug|Any CPU
		{8A17A98D-9904-4A2E-A43F-DB58F61830D3}.Debug|Any CPU.Build.0 = Debug|Any CPU
		{8A17A98D-9904-4A2E-A43F-DB58F61830D3}.Release|Any CPU.ActiveCfg = Release|Any CPU
		{8A17A98D-9904-4A2E-A43F-DB58F61830D3}.Release|Any CPU.Build.0 = Release|Any CPU
	EndGlobalSection
	GlobalSection(SolutionProperties) = preSolution
		HideSolutionNode = FALSE
	EndGlobalSection
EndGlobal
